
Microsoft Visual Studio Solution File, Format Version 12.00
# Visual Studio 15
VisualStudioVersion = 15.0.26403.3
MinimumVisualStudioVersion = 10.0.40219.1
Project("{FAE04EC0-301F-11D3-BF4B-00C04F79EFBC}") = "CTCBAParser", "CTCBAParser\CTCBAParser.csproj", "{29E4B3BC-C953-46C3-B414-13CAE80CC6E1}"
EndProject
Project("{FAE04EC0-301F-11D3-BF4B-00C04F79EFBC}") = "CTCBAStorage", "CTCBAStorage\CTCBAStorage.csproj", "{22D416BE-6503-439F-8D90-570CA6DAF321}"
EndProject
Project("{FAE04EC0-301F-11D3-BF4B-00C04F79EFBC}") = "TestConsole", "TestConsole\TestConsole.csproj", "{72A3FD63-0880-4E5E-8E0E-4538DC1E1C4C}"
EndProject
Project("{FAE04EC0-301F-11D3-BF4B-00C04F79EFBC}") = "CTCBatchAuditProcessor", "CTCBatchAuditProcessor\CTCBatchAuditProcessor.csproj", "{B4D10E05-70BD-4CB7-B0AF-51F71EDE065D}"
EndProject
Project("{2150E333-8FDC-42A3-9474-1A3956D46DE8}") = "SqlScript", "SqlScript", "{4DD9AC5B-6A74-4EA9-AC8B-F305D6A58AE9}"
	ProjectSection(SolutionItems) = preProject
		CreateStorageDatabaseObjects.txt = CreateStorageDatabaseObjects.txt
		ViewScripts.sql = ViewScripts.sql
	EndProjectSection
EndProject
Project("{FAE04EC0-301F-11D3-BF4B-00C04F79EFBC}") = "SD4006SFileGenerator", "SD4006SFileGenerator\SD4006SFileGenerator.csproj", "{2CFFFFA1-3780-4429-BC9D-5B14DB89D5A1}"
EndProject
Global
	GlobalSection(SolutionConfigurationPlatforms) = preSolution
		Debug|Any CPU = Debug|Any CPU
		Debug|Mixed Platforms = Debug|Mixed Platforms
		Debug|x86 = Debug|x86
		Release|Any CPU = Release|Any CPU
		Release|Mixed Platforms = Release|Mixed Platforms
		Release|x86 = Release|x86
	EndGlobalSection
	GlobalSection(ProjectConfigurationPlatforms) = postSolution
		{29E4B3BC-C953-46C3-B414-13CAE80CC6E1}.Debug|Any CPU.ActiveCfg = Debug|Any CPU
		{29E4B3BC-C953-46C3-B414-13CAE80CC6E1}.Debug|Any CPU.Build.0 = Debug|Any CPU
		{29E4B3BC-C953-46C3-B414-13CAE80CC6E1}.Debug|Mixed Platforms.ActiveCfg = Debug|Any CPU
		{29E4B3BC-C953-46C3-B414-13CAE80CC6E1}.Debug|Mixed Platforms.Build.0 = Debug|Any CPU
		{29E4B3BC-C953-46C3-B414-13CAE80CC6E1}.Debug|x86.ActiveCfg = Debug|Any CPU
		{29E4B3BC-C953-46C3-B414-13CAE80CC6E1}.Release|Any CPU.ActiveCfg = Release|Any CPU
		{29E4B3BC-C953-46C3-B414-13CAE80CC6E1}.Release|Any CPU.Build.0 = Release|Any CPU
		{29E4B3BC-C953-46C3-B414-13CAE80CC6E1}.Release|Mixed Platforms.ActiveCfg = Release|Any CPU
		{29E4B3BC-C953-46C3-B414-13CAE80CC6E1}.Release|Mixed Platforms.Build.0 = Release|Any CPU
		{29E4B3BC-C953-46C3-B414-13CAE80CC6E1}.Release|x86.ActiveCfg = Release|Any CPU
		{22D416BE-6503-439F-8D90-570CA6DAF321}.Debug|Any CPU.ActiveCfg = Debug|Any CPU
		{22D416BE-6503-439F-8D90-570CA6DAF321}.Debug|Any CPU.Build.0 = Debug|Any CPU
		{22D416BE-6503-439F-8D90-570CA6DAF321}.Debug|Mixed Platforms.ActiveCfg = Debug|Any CPU
		{22D416BE-6503-439F-8D90-570CA6DAF321}.Debug|Mixed Platforms.Build.0 = Debug|Any CPU
		{22D416BE-6503-439F-8D90-570CA6DAF321}.Debug|x86.ActiveCfg = Debug|Any CPU
		{22D416BE-6503-439F-8D90-570CA6DAF321}.Release|Any CPU.ActiveCfg = Release|Any CPU
		{22D416BE-6503-439F-8D90-570CA6DAF321}.Release|Any CPU.Build.0 = Release|Any CPU
		{22D416BE-6503-439F-8D90-570CA6DAF321}.Release|Mixed Platforms.ActiveCfg = Release|Any CPU
		{22D416BE-6503-439F-8D90-570CA6DAF321}.Release|Mixed Platforms.Build.0 = Release|Any CPU
		{22D416BE-6503-439F-8D90-570CA6DAF321}.Release|x86.ActiveCfg = Release|Any CPU
		{72A3FD63-0880-4E5E-8E0E-4538DC1E1C4C}.Debug|Any CPU.ActiveCfg = Debug|x86
		{72A3FD63-0880-4E5E-8E0E-4538DC1E1C4C}.Debug|Mixed Platforms.ActiveCfg = Debug|x86
		{72A3FD63-0880-4E5E-8E0E-4538DC1E1C4C}.Debug|Mixed Platforms.Build.0 = Debug|x86
		{72A3FD63-0880-4E5E-8E0E-4538DC1E1C4C}.Debug|x86.ActiveCfg = Debug|x86
		{72A3FD63-0880-4E5E-8E0E-4538DC1E1C4C}.Debug|x86.Build.0 = Debug|x86
		{72A3FD63-0880-4E5E-8E0E-4538DC1E1C4C}.Release|Any CPU.ActiveCfg = Release|x86
		{72A3FD63-0880-4E5E-8E0E-4538DC1E1C4C}.Release|Mixed Platforms.ActiveCfg = Release|x86
		{72A3FD63-0880-4E5E-8E0E-4538DC1E1C4C}.Release|Mixed Platforms.Build.0 = Release|x86
		{72A3FD63-0880-4E5E-8E0E-4538DC1E1C4C}.Release|x86.ActiveCfg = Release|x86
		{72A3FD63-0880-4E5E-8E0E-4538DC1E1C4C}.Release|x86.Build.0 = Release|x86
		{B4D10E05-70BD-4CB7-B0AF-51F71EDE065D}.Debug|Any CPU.ActiveCfg = Debug|x86
		{B4D10E05-70BD-4CB7-B0AF-51F71EDE065D}.Debug|Mixed Platforms.ActiveCfg = Debug|x86
		{B4D10E05-70BD-4CB7-B0AF-51F71EDE065D}.Debug|Mixed Platforms.Build.0 = Debug|x86
		{B4D10E05-70BD-4CB7-B0AF-51F71EDE065D}.Debug|x86.ActiveCfg = Debug|x86
		{B4D10E05-70BD-4CB7-B0AF-51F71EDE065D}.Debug|x86.Build.0 = Debug|x86
		{B4D10E05-70BD-4CB7-B0AF-51F71EDE065D}.Release|Any CPU.ActiveCfg = Release|x86
		{B4D10E05-70BD-4CB7-B0AF-51F71EDE065D}.Release|Mixed Platforms.ActiveCfg = Release|x86
		{B4D10E05-70BD-4CB7-B0AF-51F71EDE065D}.Release|Mixed Platforms.Build.0 = Release|x86
		{B4D10E05-70BD-4CB7-B0AF-51F71EDE065D}.Release|x86.ActiveCfg = Release|x86
		{B4D10E05-70BD-4CB7-B0AF-51F71EDE065D}.Release|x86.Build.0 = Release|x86
		{2CFFFFA1-3780-4429-BC9D-5B14DB89D5A1}.Debug|Any CPU.ActiveCfg = Debug|x86
		{2CFFFFA1-3780-4429-BC9D-5B14DB89D5A1}.Debug|Mixed Platforms.ActiveCfg = Debug|x86
		{2CFFFFA1-3780-4429-BC9D-5B14DB89D5A1}.Debug|Mixed Platforms.Build.0 = Debug|x86
		{2CFFFFA1-3780-4429-BC9D-5B14DB89D5A1}.Debug|x86.ActiveCfg = Debug|x86
		{2CFFFFA1-3780-4429-BC9D-5B14DB89D5A1}.Debug|x86.Build.0 = Debug|x86
		{2CFFFFA1-3780-4429-BC9D-5B14DB89D5A1}.Release|Any CPU.ActiveCfg = Release|x86
		{2CFFFFA1-3780-4429-BC9D-5B14DB89D5A1}.Release|Mixed Platforms.ActiveCfg = Release|x86
		{2CFFFFA1-3780-4429-BC9D-5B14DB89D5A1}.Release|Mixed Platforms.Build.0 = Release|x86
		{2CFFFFA1-3780-4429-BC9D-5B14DB89D5A1}.Release|x86.ActiveCfg = Release|x86
		{2CFFFFA1-3780-4429-BC9D-5B14DB89D5A1}.Release|x86.Build.0 = Release|x86
	EndGlobalSection
	GlobalSection(SolutionProperties) = preSolution
		HideSolutionNode = FALSE
	EndGlobalSection
EndGlobal
